{
  "lockfile_version": "1",
  "packages": {
    "github:NixOS/nixpkgs/nixpkgs-unstable": {
      "last_modified": "2025-11-18T11:19:29Z",
      "resolved": "github:NixOS/nixpkgs/6f374686605df381de8541c072038472a5ea2e2d?lastModified=1763464769&narHash=sha256-AJHrsT7VoeQzErpBRlLJM1SODcaayp0joAoEA35yiwM%3D"
    },
    "gradle@8.14": {
      "last_modified": "2025-11-15T07:28:48Z",
      "plugin_version": "0.0.1",
      "resolved": "github:NixOS/nixpkgs/1d4c88323ac36805d09657d13a5273aea1b34f0c#gradle",
      "source": "devbox-search",
      "version": "8.14.3",
      "systems": {
        "aarch64-darwin": {
          "outputs": [
            {
              "name": "out",
              "path": "/nix/store/687cpjcz73b8d48qp9wrd7avz9c4wxbl-gradle-8.14.3",
              "default": true
            }
          ],
          "store_path": "/nix/store/687cpjcz73b8d48qp9wrd7avz9c4wxbl-gradle-8.14.3"
        },
        "aarch64-linux": {
          "outputs": [
            {
              "name": "out",
              "path": "/nix/store/yi72pplirvic8c0v2yhx09byagyq13i3-gradle-8.14.3",
              "default": true
            }
          ],
          "store_path": "/nix/store/yi72pplirvic8c0v2yhx09byagyq13i3-gradle-8.14.3"
        },
        "x86_64-darwin": {
          "outputs": [
            {
              "name": "out",
              "path": "/nix/store/cvldh3159939289g9ga45nw25gzvbh0r-gradle-8.14.3",
              "default": true
            }
          ],
          "store_path": "/nix/store/cvldh3159939289g9ga45nw25gzvbh0r-gradle-8.14.3"
        },
        "x86_64-linux": {
          "outputs": [
            {
              "name": "out",
              "path": "/nix/store/rck04lfaywfxrjxjp4z2ik3zdg5j09mb-gradle-8.14.3",
              "default": true
            }
          ],
          "store_path": "/nix/store/rck04lfaywfxrjxjp4z2ik3zdg5j09mb-gradle-8.14.3"
        }
      }
    },
    "jdk@21": {
      "last_modified": "2025-10-22T20:59:19Z",
      "resolved": "github:NixOS/nixpkgs/01b6809f7f9d1183a2b3e081f0a1e6f8f415cb09#jdk",
      "source": "devbox-search",
      "version": "21.0.9+8",
      "systems": {
        "aarch64-linux": {
          "outputs": [
            {
              "name": "out",
              "path": "/nix/store/gxjm3qjq9kyvi5hv7r4s8ngbkg1d94df-openjdk-21.0.9+8",
              "default": true
            },
            {
              "name": "debug",
              "path": "/nix/store/sz9izpfkgi9nw3s9fz8vik9qn01vkx4d-openjdk-21.0.9+8-debug"
            }
          ],
          "store_path": "/nix/store/gxjm3qjq9kyvi5hv7r4s8ngbkg1d94df-openjdk-21.0.9+8"
        },
        "x86_64-linux": {
          "outputs": [
            {
              "name": "out",
              "path": "/nix/store/l5z1hqq6l223379w6f25fibniz16g2s9-openjdk-21.0.9+8",
              "default": true
            },
            {
              "name": "debug",
              "path": "/nix/store/pgkj2381fcdrbx9w85h162cigdgyn7j2-openjdk-21.0.9+8-debug"
            }
          ],
          "store_path": "/nix/store/l5z1hqq6l223379w6f25fibniz16g2s9-openjdk-21.0.9+8"
        }
      }
    }
  }
}
