{
  "lockfile_version": "1",
  "packages": {
    "github:NixOS/nixpkgs/nixpkgs-unstable": {
      "last_modified": "2025-11-18T11:19:29Z",
      "resolved": "github:NixOS/nixpkgs/6f374686605df381de8541c072038472a5ea2e2d?lastModified=1763464769&narHash=sha256-AJHrsT7VoeQzErpBRlLJM1SODcaayp0joAoEA35yiwM%3D"
    },
    "gradle_9@9.4.1": {
      "last_modified": "2026-04-23T13:07:47Z",
      "plugin_version": "0.0.1",
      "resolved": "github:NixOS/nixpkgs/01fbdeef22b76df85ea168fbfe1bfd9e63681b30#gradle_9",
      "source": "devbox-search",
      "version": "9.4.1",
      "systems": {
        "aarch64-darwin": {
          "outputs": [
            {
              "name": "out",
              "path": "/nix/store/a7haskzxxy2czjb8r58dl2x0xgvghkz9-gradle-9.4.1",
              "default": true
            }
          ],
          "store_path": "/nix/store/a7haskzxxy2czjb8r58dl2x0xgvghkz9-gradle-9.4.1"
        },
        "aarch64-linux": {
          "outputs": [
            {
              "name": "out",
              "path": "/nix/store/jppp66bdq9vg6afl7mbzrdw52picljk9-gradle-9.4.1",
              "default": true
            }
          ],
          "store_path": "/nix/store/jppp66bdq9vg6afl7mbzrdw52picljk9-gradle-9.4.1"
        },
        "x86_64-darwin": {
          "outputs": [
            {
              "name": "out",
              "path": "/nix/store/x85n1f6sl4baqz9y768wg1bdwnq31m66-gradle-9.4.1",
              "default": true
            }
          ],
          "store_path": "/nix/store/x85n1f6sl4baqz9y768wg1bdwnq31m66-gradle-9.4.1"
        },
        "x86_64-linux": {
          "outputs": [
            {
              "name": "out",
              "path": "/nix/store/dl37zwiyzzzanzqjzllf1clfm5rj9s53-gradle-9.4.1",
              "default": true
            }
          ],
          "store_path": "/nix/store/dl37zwiyzzzanzqjzllf1clfm5rj9s53-gradle-9.4.1"
        }
      }
    },
    "jdk@25": {
      "last_modified": "2025-10-22T20:59:19Z",
      "resolved": "github:NixOS/nixpkgs/01b6809f7f9d1183a2b3e081f0a1e6f8f415cb09#jdk25",
      "source": "devbox-search",
      "version": "25+36",
      "systems": {
        "aarch64-linux": {
          "outputs": [
            {
              "name": "out",
              "path": "/nix/store/lsr9sdklahf4msrjlwmp8ysn4sycj3h7-openjdk-25+36",
              "default": true
            },
            {
              "name": "debug",
              "path": "/nix/store/j2183nlslm3k5bj04ikddddl63jgv8gl-openjdk-25+36-debug"
            }
          ],
          "store_path": "/nix/store/lsr9sdklahf4msrjlwmp8ysn4sycj3h7-openjdk-25+36"
        },
        "x86_64-linux": {
          "outputs": [
            {
              "name": "out",
              "path": "/nix/store/6wjxc7yjlz14qzrmlzpzirv65wisx3wd-openjdk-25+36",
              "default": true
            },
            {
              "name": "debug",
              "path": "/nix/store/9gr02286v02zjrrxlb71524wa0mxbl0p-openjdk-25+36-debug"
            }
          ],
          "store_path": "/nix/store/6wjxc7yjlz14qzrmlzpzirv65wisx3wd-openjdk-25+36"
        }
      }
    }
  }
}
